// !$*UTF8*$!
{
	archiveVersion = 1;
	classes = {
	};
	objectVersion = 46;
	objects = {

/* Begin PBXBuildFile section */
		EA18AB251AC0F64200E8631F /* WorkoutCell.swift in Sources */ = {isa = PBXBuildFile; fileRef = EA18AB241AC0F64200E8631F /* WorkoutCell.swift */; };
		EA18AB271AC0F64B00E8631F /* AddWorkoutCell.swift in Sources */ = {isa = PBXBuildFile; fileRef = EA18AB261AC0F64B00E8631F /* AddWorkoutCell.swift */; };
		EA1FA5CD1ABEABD300EA6A4E /* UISliderLabel.swift in Sources */ = {isa = PBXBuildFile; fileRef = EA1FA5CC1ABEABD300EA6A4E /* UISliderLabel.swift */; };
		EA35809B1AC208B80093C7E0 /* CustomLayout.swift in Sources */ = {isa = PBXBuildFile; fileRef = EA35809A1AC208B80093C7E0 /* CustomLayout.swift */; };
		EA4189831AB2238D00996CF0 /* AppDelegate.swift in Sources */ = {isa = PBXBuildFile; fileRef = EA4189821AB2238D00996CF0 /* AppDelegate.swift */; };
		EA4189861AB2238D00996CF0 /* Workouts.xcdatamodeld in Sources */ = {isa = PBXBuildFile; fileRef = EA4189841AB2238D00996CF0 /* Workouts.xcdatamodeld */; };
		EA4189881AB2238D00996CF0 /* WorkoutsViewController.swift in Sources */ = {isa = PBXBuildFile; fileRef = EA4189871AB2238D00996CF0 /* WorkoutsViewController.swift */; };
		EA41898B1AB2238D00996CF0 /* Main.storyboard in Resources */ = {isa = PBXBuildFile; fileRef = EA4189891AB2238D00996CF0 /* Main.storyboard */; };
		EA41898D1AB2238D00996CF0 /* Images.xcassets in Resources */ = {isa = PBXBuildFile; fileRef = EA41898C1AB2238D00996CF0 /* Images.xcassets */; };
		EA4189901AB2238D00996CF0 /* LaunchScreen.xib in Resources */ = {isa = PBXBuildFile; fileRef = EA41898E1AB2238D00996CF0 /* LaunchScreen.xib */; };
		EA41899C1AB2238D00996CF0 /* WorkoutsTests.swift in Sources */ = {isa = PBXBuildFile; fileRef = EA41899B1AB2238D00996CF0 /* WorkoutsTests.swift */; };
		EA4189A61AB2261100996CF0 /* Workout.swift in Sources */ = {isa = PBXBuildFile; fileRef = EA4189A51AB2261100996CF0 /* Workout.swift */; };
		EA4189A81AB2261100996CF0 /* Exercise.swift in Sources */ = {isa = PBXBuildFile; fileRef = EA4189A71AB2261100996CF0 /* Exercise.swift */; };
		EA4189AA1AB2261100996CF0 /* ExerciseData.swift in Sources */ = {isa = PBXBuildFile; fileRef = EA4189A91AB2261100996CF0 /* ExerciseData.swift */; };
		EA4189AD1AB22CA900996CF0 /* WorkoutViewController.swift in Sources */ = {isa = PBXBuildFile; fileRef = EA4189AC1AB22CA900996CF0 /* WorkoutViewController.swift */; };
		EA4189B21AB36CAD00996CF0 /* EditExerciseViewController.swift in Sources */ = {isa = PBXBuildFile; fileRef = EA4189B11AB36CAD00996CF0 /* EditExerciseViewController.swift */; };
		EA4189B41AB386FC00996CF0 /* NSDateExtension.swift in Sources */ = {isa = PBXBuildFile; fileRef = EA4189B31AB386FC00996CF0 /* NSDateExtension.swift */; };
/* End PBXBuildFile section */

/* Begin PBXContainerItemProxy section */
		EA4189961AB2238D00996CF0 /* PBXContainerItemProxy */ = {
			isa = PBXContainerItemProxy;
			containerPortal = EA4189751AB2238D00996CF0 /* Project object */;
			proxyType = 1;
			remoteGlobalIDString = EA41897C1AB2238D00996CF0;
			remoteInfo = Workouts;
		};
/* End PBXContainerItemProxy section */

/* Begin PBXFileReference section */
		EA18AB241AC0F64200E8631F /* WorkoutCell.swift */ = {isa = PBXFileReference; fileEncoding = 4; lastKnownFileType = sourcecode.swift; path = WorkoutCell.swift; sourceTree = "<group>"; };
		EA18AB261AC0F64B00E8631F /* AddWorkoutCell.swift */ = {isa = PBXFileReference; fileEncoding = 4; lastKnownFileType = sourcecode.swift; path = AddWorkoutCell.swift; sourceTree = "<group>"; };
		EA1FA5CC1ABEABD300EA6A4E /* UISliderLabel.swift */ = {isa = PBXFileReference; fileEncoding = 4; lastKnownFileType = sourcecode.swift; path = UISliderLabel.swift; sourceTree = "<group>"; };
		EA35809A1AC208B80093C7E0 /* CustomLayout.swift */ = {isa = PBXFileReference; fileEncoding = 4; lastKnownFileType = sourcecode.swift; path = CustomLayout.swift; sourceTree = "<group>"; };
		EA41897D1AB2238D00996CF0 /* Workouts.app */ = {isa = PBXFileReference; explicitFileType = wrapper.application; includeInIndex = 0; path = Workouts.app; sourceTree = BUILT_PRODUCTS_DIR; };
		EA4189811AB2238D00996CF0 /* Info.plist */ = {isa = PBXFileReference; lastKnownFileType = text.plist.xml; path = Info.plist; sourceTree = "<group>"; };
		EA4189821AB2238D00996CF0 /* AppDelegate.swift */ = {isa = PBXFileReference; lastKnownFileType = sourcecode.swift; path = AppDelegate.swift; sourceTree = "<group>"; };
		EA4189851AB2238D00996CF0 /* Workouts.xcdatamodel */ = {isa = PBXFileReference; lastKnownFileType = wrapper.xcdatamodel; path = Workouts.xcdatamodel; sourceTree = "<group>"; };
		EA4189871AB2238D00996CF0 /* WorkoutsViewController.swift */ = {isa = PBXFileReference; lastKnownFileType = sourcecode.swift; path = WorkoutsViewController.swift; sourceTree = "<group>"; };
		EA41898A1AB2238D00996CF0 /* Base */ = {isa = PBXFileReference; lastKnownFileType = file.storyboard; name = Base; path = Base.lproj/Main.storyboard; sourceTree = "<group>"; };
		EA41898C1AB2238D00996CF0 /* Images.xcassets */ = {isa = PBXFileReference; lastKnownFileType = folder.assetcatalog; path = Images.xcassets; sourceTree = "<group>"; };
		EA41898F1AB2238D00996CF0 /* Base */ = {isa = PBXFileReference; lastKnownFileType = file.xib; name = Base; path = Base.lproj/LaunchScreen.xib; sourceTree = "<group>"; };
		EA4189951AB2238D00996CF0 /* WorkoutsTests.xctest */ = {isa = PBXFileReference; explicitFileType = wrapper.cfbundle; includeInIndex = 0; path = WorkoutsTests.xctest; sourceTree = BUILT_PRODUCTS_DIR; };
		EA41899A1AB2238D00996CF0 /* Info.plist */ = {isa = PBXFileReference; lastKnownFileType = text.plist.xml; path = Info.plist; sourceTree = "<group>"; };
		EA41899B1AB2238D00996CF0 /* WorkoutsTests.swift */ = {isa = PBXFileReference; lastKnownFileType = sourcecode.swift; path = WorkoutsTests.swift; sourceTree = "<group>"; };
		EA4189A51AB2261100996CF0 /* Workout.swift */ = {isa = PBXFileReference; fileEncoding = 4; lastKnownFileType = sourcecode.swift; path = Workout.swift; sourceTree = "<group>"; };
		EA4189A71AB2261100996CF0 /* Exercise.swift */ = {isa = PBXFileReference; fileEncoding = 4; lastKnownFileType = sourcecode.swift; path = Exercise.swift; sourceTree = "<group>"; };
		EA4189A91AB2261100996CF0 /* ExerciseData.swift */ = {isa = PBXFileReference; fileEncoding = 4; lastKnownFileType = sourcecode.swift; path = ExerciseData.swift; sourceTree = "<group>"; };
		EA4189AC1AB22CA900996CF0 /* WorkoutViewController.swift */ = {isa = PBXFileReference; fileEncoding = 4; lastKnownFileType = sourcecode.swift; path = WorkoutViewController.swift; sourceTree = "<group>"; };
		EA4189AE1AB2A9DC00996CF0 /* MyPlayground.playground */ = {isa = PBXFileReference; lastKnownFileType = file.playground; path = MyPlayground.playground; sourceTree = "<group>"; };
		EA4189B11AB36CAD00996CF0 /* EditExerciseViewController.swift */ = {isa = PBXFileReference; fileEncoding = 4; lastKnownFileType = sourcecode.swift; path = EditExerciseViewController.swift; sourceTree = "<group>"; };
		EA4189B31AB386FC00996CF0 /* NSDateExtension.swift */ = {isa = PBXFileReference; fileEncoding = 4; lastKnownFileType = sourcecode.swift; path = NSDateExtension.swift; sourceTree = "<group>"; };
/* End PBXFileReference section */

/* Begin PBXFrameworksBuildPhase section */
		EA41897A1AB2238D00996CF0 /* Frameworks */ = {
			isa = PBXFrameworksBuildPhase;
			buildActionMask = 2147483647;
			files = (
			);
			runOnlyForDeploymentPostprocessing = 0;
		};
		EA4189921AB2238D00996CF0 /* Frameworks */ = {
			isa = PBXFrameworksBuildPhase;
			buildActionMask = 2147483647;
			files = (
			);
			runOnlyForDeploymentPostprocessing = 0;
		};
/* End PBXFrameworksBuildPhase section */

/* Begin PBXGroup section */
		EA4189741AB2238D00996CF0 = {
			isa = PBXGroup;
			children = (
				EA4189AE1AB2A9DC00996CF0 /* MyPlayground.playground */,
				EA41897F1AB2238D00996CF0 /* Workouts */,
				EA4189981AB2238D00996CF0 /* WorkoutsTests */,
				EA41897E1AB2238D00996CF0 /* Products */,
			);
			sourceTree = "<group>";
		};
		EA41897E1AB2238D00996CF0 /* Products */ = {
			isa = PBXGroup;
			children = (
				EA41897D1AB2238D00996CF0 /* Workouts.app */,
				EA4189951AB2238D00996CF0 /* WorkoutsTests.xctest */,
			);
			name = Products;
			sourceTree = "<group>";
		};
		EA41897F1AB2238D00996CF0 /* Workouts */ = {
			isa = PBXGroup;
			children = (
				EA4189801AB2238D00996CF0 /* Supporting Files */,
				EA4189AB1AB22B2100996CF0 /* NSManagedObjects */,
				EAB5AD121ABFA6E1004A0341 /* Cell Subclasses */,
				EA4189891AB2238D00996CF0 /* Main.storyboard */,
				EA4189841AB2238D00996CF0 /* Workouts.xcdatamodeld */,
				EA4189821AB2238D00996CF0 /* AppDelegate.swift */,
				EA4189871AB2238D00996CF0 /* WorkoutsViewController.swift */,
				EA35809A1AC208B80093C7E0 /* CustomLayout.swift */,
				EA4189AC1AB22CA900996CF0 /* WorkoutViewController.swift */,
				EA4189B11AB36CAD00996CF0 /* EditExerciseViewController.swift */,
				EA1FA5CC1ABEABD300EA6A4E /* UISliderLabel.swift */,
			);
			path = Workouts;
			sourceTree = "<group>";
		};
		EA4189801AB2238D00996CF0 /* Supporting Files */ = {
			isa = PBXGroup;
			children = (
				EA41898C1AB2238D00996CF0 /* Images.xcassets */,
				EA4189B31AB386FC00996CF0 /* NSDateExtension.swift */,
				EA4189811AB2238D00996CF0 /* Info.plist */,
				EA41898E1AB2238D00996CF0 /* LaunchScreen.xib */,
			);
			name = "Supporting Files";
			sourceTree = "<group>";
		};
		EA4189981AB2238D00996CF0 /* WorkoutsTests */ = {
			isa = PBXGroup;
			children = (
				EA41899B1AB2238D00996CF0 /* WorkoutsTests.swift */,
				EA4189991AB2238D00996CF0 /* Supporting Files */,
			);
			path = WorkoutsTests;
			sourceTree = "<group>";
		};
		EA4189991AB2238D00996CF0 /* Supporting Files */ = {
			isa = PBXGroup;
			children = (
				EA41899A1AB2238D00996CF0 /* Info.plist */,
			);
			name = "Supporting Files";
			sourceTree = "<group>";
		};
		EA4189AB1AB22B2100996CF0 /* NSManagedObjects */ = {
			isa = PBXGroup;
			children = (
				EA4189A91AB2261100996CF0 /* ExerciseData.swift */,
				EA4189A71AB2261100996CF0 /* Exercise.swift */,
				EA4189A51AB2261100996CF0 /* Workout.swift */,
			);
			name = NSManagedObjects;
			sourceTree = "<group>";
		};
		EAB5AD121ABFA6E1004A0341 /* Cell Subclasses */ = {
			isa = PBXGroup;
			children = (
				EA18AB241AC0F64200E8631F /* WorkoutCell.swift */,
				EA18AB261AC0F64B00E8631F /* AddWorkoutCell.swift */,
			);
			name = "Cell Subclasses";
			sourceTree = "<group>";
		};
/* End PBXGroup section */

/* Begin PBXNativeTarget section */
		EA41897C1AB2238D00996CF0 /* Workouts */ = {
			isa = PBXNativeTarget;
			buildConfigurationList = EA41899F1AB2238D00996CF0 /* Build configuration list for PBXNativeTarget "Workouts" */;
			buildPhases = (
				EA4189791AB2238D00996CF0 /* Sources */,
				EA41897A1AB2238D00996CF0 /* Frameworks */,
				EA41897B1AB2238D00996CF0 /* Resources */,
			);
			buildRules = (
			);
			dependencies = (
			);
			name = Workouts;
			productName = Workouts;
			productReference = EA41897D1AB2238D00996CF0 /* Workouts.app */;
			productType = "com.apple.product-type.application";
		};
		EA4189941AB2238D00996CF0 /* WorkoutsTests */ = {
			isa = PBXNativeTarget;
			buildConfigurationList = EA4189A21AB2238D00996CF0 /* Build configuration list for PBXNativeTarget "WorkoutsTests" */;
			buildPhases = (
				EA4189911AB2238D00996CF0 /* Sources */,
				EA4189921AB2238D00996CF0 /* Frameworks */,
				EA4189931AB2238D00996CF0 /* Resources */,
			);
			buildRules = (
			);
			dependencies = (
				EA4189971AB2238D00996CF0 /* PBXTargetDependency */,
			);
			name = WorkoutsTests;
			productName = WorkoutsTests;
			productReference = EA4189951AB2238D00996CF0 /* WorkoutsTests.xctest */;
			productType = "com.apple.product-type.bundle.unit-test";
		};
/* End PBXNativeTarget section */

/* Begin PBXProject section */
		EA4189751AB2238D00996CF0 /* Project object */ = {
			isa = PBXProject;
			attributes = {
				LastUpgradeCheck = 0630;
				ORGANIZATIONNAME = MacCDevTeam;
				TargetAttributes = {
					EA41897C1AB2238D00996CF0 = {
						CreatedOnToolsVersion = 6.3;
					};
					EA4189941AB2238D00996CF0 = {
						CreatedOnToolsVersion = 6.3;
						TestTargetID = EA41897C1AB2238D00996CF0;
					};
				};
			};
			buildConfigurationList = EA4189781AB2238D00996CF0 /* Build configuration list for PBXProject "Workouts" */;
			compatibilityVersion = "Xcode 3.2";
			developmentRegion = English;
			hasScannedForEncodings = 0;
			knownRegions = (
				en,
				Base,
			);
			mainGroup = EA4189741AB2238D00996CF0;
			productRefGroup = EA41897E1AB2238D00996CF0 /* Products */;
			projectDirPath = "";
			projectRoot = "";
			targets = (
				EA41897C1AB2238D00996CF0 /* Workouts */,
				EA4189941AB2238D00996CF0 /* WorkoutsTests */,
			);
		};
/* End PBXProject section */

/* Begin PBXResourcesBuildPhase section */
		EA41897B1AB2238D00996CF0 /* Resources */ = {
			isa = PBXResourcesBuildPhase;
			buildActionMask = 2147483647;
			files = (
				EA41898B1AB2238D00996CF0 /* Main.storyboard in Resources */,
				EA4189901AB2238D00996CF0 /* LaunchScreen.xib in Resources */,
				EA41898D1AB2238D00996CF0 /* Images.xcassets in Resources */,
			);
			runOnlyForDeploymentPostprocessing = 0;
		};
		EA4189931AB2238D00996CF0 /* Resources */ = {
			isa = PBXResourcesBuildPhase;
			buildActionMask = 2147483647;
			files = (
			);
			runOnlyForDeploymentPostprocessing = 0;
		};
/* End PBXResourcesBuildPhase section */

/* Begin PBXSourcesBuildPhase section */
		EA4189791AB2238D00996CF0 /* Sources */ = {
			isa = PBXSourcesBuildPhase;
			buildActionMask = 2147483647;
			files = (
				EA4189A81AB2261100996CF0 /* Exercise.swift in Sources */,
				EA4189AA1AB2261100996CF0 /* ExerciseData.swift in Sources */,
				EA4189AD1AB22CA900996CF0 /* WorkoutViewController.swift in Sources */,
				EA18AB271AC0F64B00E8631F /* AddWorkoutCell.swift in Sources */,
				EA4189881AB2238D00996CF0 /* WorkoutsViewController.swift in Sources */,
				EA4189831AB2238D00996CF0 /* AppDelegate.swift in Sources */,
				EA18AB251AC0F64200E8631F /* WorkoutCell.swift in Sources */,
				EA1FA5CD1ABEABD300EA6A4E /* UISliderLabel.swift in Sources */,
				EA4189B41AB386FC00996CF0 /* NSDateExtension.swift in Sources */,
				EA4189861AB2238D00996CF0 /* Workouts.xcdatamodeld in Sources */,
				EA4189A61AB2261100996CF0 /* Workout.swift in Sources */,
				EA35809B1AC208B80093C7E0 /* CustomLayout.swift in Sources */,
				EA4189B21AB36CAD00996CF0 /* EditExerciseViewController.swift in Sources */,
			);
			runOnlyForDeploymentPostprocessing = 0;
		};
		EA4189911AB2238D00996CF0 /* Sources */ = {
			isa = PBXSourcesBuildPhase;
			buildActionMask = 2147483647;
			files = (
				EA41899C1AB2238D00996CF0 /* WorkoutsTests.swift in Sources */,
			);
			runOnlyForDeploymentPostprocessing = 0;
		};
/* End PBXSourcesBuildPhase section */

/* Begin PBXTargetDependency section */
		EA4189971AB2238D00996CF0 /* PBXTargetDependency */ = {
			isa = PBXTargetDependency;
			target = EA41897C1AB2238D00996CF0 /* Workouts */;
			targetProxy = EA4189961AB2238D00996CF0 /* PBXContainerItemProxy */;
		};
/* End PBXTargetDependency section */

/* Begin PBXVariantGroup section */
		EA4189891AB2238D00996CF0 /* Main.storyboard */ = {
			isa = PBXVariantGroup;
			children = (
				EA41898A1AB2238D00996CF0 /* Base */,
			);
			name = Main.storyboard;
			sourceTree = "<group>";
		};
		EA41898E1AB2238D00996CF0 /* LaunchScreen.xib */ = {
			isa = PBXVariantGroup;
			children = (
				EA41898F1AB2238D00996CF0 /* Base */,
			);
			name = LaunchScreen.xib;
			sourceTree = "<group>";
		};
/* End PBXVariantGroup section */

/* Begin XCBuildConfiguration section */
		EA41899D1AB2238D00996CF0 /* Debug */ = {
			isa = XCBuildConfiguration;
			buildSettings = {
				ALWAYS_SEARCH_USER_PATHS = NO;
				CLANG_CXX_LANGUAGE_STANDARD = "gnu++0x";
				CLANG_CXX_LIBRARY = "libc++";
				CLANG_ENABLE_MODULES = YES;
				CLANG_ENABLE_OBJC_ARC = YES;
				CLANG_WARN_BOOL_CONVERSION = YES;
				CLANG_WARN_CONSTANT_CONVERSION = YES;
				CLANG_WARN_DIRECT_OBJC_ISA_USAGE = YES_ERROR;
				CLANG_WARN_EMPTY_BODY = YES;
				CLANG_WARN_ENUM_CONVERSION = YES;
				CLANG_WARN_INT_CONVERSION = YES;
				CLANG_WARN_OBJC_ROOT_CLASS = YES_ERROR;
				CLANG_WARN_UNREACHABLE_CODE = YES;
				CLANG_WARN__DUPLICATE_METHOD_MATCH = YES;
				"CODE_SIGN_IDENTITY[sdk=iphoneos*]" = "iPhone Developer";
				COPY_PHASE_STRIP = NO;
				DEBUG_INFORMATION_FORMAT = dwarf;
				ENABLE_STRICT_OBJC_MSGSEND = YES;
				GCC_C_LANGUAGE_STANDARD = gnu99;
				GCC_DYNAMIC_NO_PIC = NO;
				GCC_OPTIMIZATION_LEVEL = 0;
				GCC_PREPROCESSOR_DEFINITIONS = (
					"DEBUG=1",
					"$(inherited)",
				);
				GCC_SYMBOLS_PRIVATE_EXTERN = NO;
				GCC_WARN_64_TO_32_BIT_CONVERSION = YES;
				GCC_WARN_ABOUT_RETURN_TYPE = YES_ERROR;
				GCC_WARN_UNDECLARED_SELECTOR = YES;
				GCC_WARN_UNINITIALIZED_AUTOS = YES_AGGRESSIVE;
				GCC_WARN_UNUSED_FUNCTION = YES;
				GCC_WARN_UNUSED_VARIABLE = YES;
				IPHONEOS_DEPLOYMENT_TARGET = 8.3;
				MTL_ENABLE_DEBUG_INFO = YES;
				ONLY_ACTIVE_ARCH = YES;
				SDKROOT = iphoneos;
				SWIFT_OPTIMIZATION_LEVEL = "-Onone";
				TARGETED_DEVICE_FAMILY = "1,2";
			};
			name = Debug;
		};
		EA41899E1AB2238D00996CF0 /* Release */ = {
			isa = XCBuildConfiguration;
			buildSettings = {
				ALWAYS_SEARCH_USER_PATHS = NO;
				CLANG_CXX_LANGUAGE_STANDARD = "gnu++0x";
				CLANG_CXX_LIBRARY = "libc++";
				CLANG_ENABLE_MODULES = YES;
				CLANG_ENABLE_OBJC_ARC = YES;
				CLANG_WARN_BOOL_CONVERSION = YES;
				CLANG_WARN_CONSTANT_CONVERSION = YES;
				CLANG_WARN_DIRECT_OBJC_ISA_USAGE = YES_ERROR;
				CLANG_WARN_EMPTY_BODY = YES;
				CLANG_WARN_ENUM_CONVERSION = YES;
				CLANG_WARN_INT_CONVERSION = YES;
				CLANG_WARN_OBJC_ROOT_CLASS = YES_ERROR;
				CLANG_WARN_UNREACHABLE_CODE = YES;
				CLANG_WARN__DUPLICATE_METHOD_MATCH = YES;
				"CODE_SIGN_IDENTITY[sdk=iphoneos*]" = "iPhone Developer";
				COPY_PHASE_STRIP = NO;
				DEBUG_INFORMATION_FORMAT = "dwarf-with-dsym";
				ENABLE_NS_ASSERTIONS = NO;
				ENABLE_STRICT_OBJC_MSGSEND = YES;
				GCC_C_LANGUAGE_STANDARD = gnu99;
				GCC_WARN_64_TO_32_BIT_CONVERSION = YES;
				GCC_WARN_ABOUT_RETURN_TYPE = YES_ERROR;
				GCC_WARN_UNDECLARED_SELECTOR = YES;
				GCC_WARN_UNINITIALIZED_AUTOS = YES_AGGRESSIVE;
				GCC_WARN_UNUSED_FUNCTION = YES;
				GCC_WARN_UNUSED_VARIABLE = YES;
				IPHONEOS_DEPLOYMENT_TARGET = 8.3;
				MTL_ENABLE_DEBUG_INFO = NO;
				SDKROOT = iphoneos;
				TARGETED_DEVICE_FAMILY = "1,2";
				VALIDATE_PRODUCT = YES;
			};
			name = Release;
		};
		EA4189A01AB2238D00996CF0 /* Debug */ = {
			isa = XCBuildConfiguration;
			buildSettings = {
				ASSETCATALOG_COMPILER_APPICON_NAME = AppIcon;
				INFOPLIST_FILE = Workouts/Info.plist;
				LD_RUNPATH_SEARCH_PATHS = "$(inherited) @executable_path/Frameworks";
				PRODUCT_NAME = "$(TARGET_NAME)";
			};
			name = Debug;
		};
		EA4189A11AB2238D00996CF0 /* Release */ = {
			isa = XCBuildConfiguration;
			buildSettings = {
				ASSETCATALOG_COMPILER_APPICON_NAME = AppIcon;
				INFOPLIST_FILE = Workouts/Info.plist;
				LD_RUNPATH_SEARCH_PATHS = "$(inherited) @executable_path/Frameworks";
				PRODUCT_NAME = "$(TARGET_NAME)";
			};
			name = Release;
		};
		EA4189A31AB2238D00996CF0 /* Debug */ = {
			isa = XCBuildConfiguration;
			buildSettings = {
				BUNDLE_LOADER = "$(TEST_HOST)";
				FRAMEWORK_SEARCH_PATHS = (
					"$(SDKROOT)/Developer/Library/Frameworks",
					"$(inherited)",
				);
				GCC_PREPROCESSOR_DEFINITIONS = (
					"DEBUG=1",
					"$(inherited)",
				);
				INFOPLIST_FILE = WorkoutsTests/Info.plist;
				LD_RUNPATH_SEARCH_PATHS = "$(inherited) @executable_path/Frameworks @loader_path/Frameworks";
				PRODUCT_NAME = "$(TARGET_NAME)";
				TEST_HOST = "$(BUILT_PRODUCTS_DIR)/Workouts.app/Workouts";
			};
			name = Debug;
		};
		EA4189A41AB2238D00996CF0 /* Release */ = {
			isa = XCBuildConfiguration;
			buildSettings = {
				BUNDLE_LOADER = "$(TEST_HOST)";
				FRAMEWORK_SEARCH_PATHS = (
					"$(SDKROOT)/Developer/Library/Frameworks",
					"$(inherited)",
				);
				INFOPLIST_FILE = WorkoutsTests/Info.plist;
				LD_RUNPATH_SEARCH_PATHS = "$(inherited) @executable_path/Frameworks @loader_path/Frameworks";
				PRODUCT_NAME = "$(TARGET_NAME)";
				TEST_HOST = "$(BUILT_PRODUCTS_DIR)/Workouts.app/Workouts";
			};
			name = Release;
		};
/* End XCBuildConfiguration section */

/* Begin XCConfigurationList section */
		EA4189781AB2238D00996CF0 /* Build configuration list for PBXProject "Workouts" */ = {
			isa = XCConfigurationList;
			buildConfigurations = (
				EA41899D1AB2238D00996CF0 /* Debug */,
				EA41899E1AB2238D00996CF0 /* Release */,
			);
			defaultConfigurationIsVisible = 0;
			defaultConfigurationName = Release;
		};
		EA41899F1AB2238D00996CF0 /* Build configuration list for PBXNativeTarget "Workouts" */ = {
			isa = XCConfigurationList;
			buildConfigurations = (
				EA4189A01AB2238D00996CF0 /* Debug */,
				EA4189A11AB2238D00996CF0 /* Release */,
			);
			defaultConfigurationIsVisible = 0;
			defaultConfigurationName = Release;
		};
		EA4189A21AB2238D00996CF0 /* Build configuration list for PBXNativeTarget "WorkoutsTests" */ = {
			isa = XCConfigurationList;
			buildConfigurations = (
				EA4189A31AB2238D00996CF0 /* Debug */,
				EA4189A41AB2238D00996CF0 /* Release */,
			);
			defaultConfigurationIsVisible = 0;
			defaultConfigurationName = Release;
		};
/* End XCConfigurationList section */

/* Begin XCVersionGroup section */
		EA4189841AB2238D00996CF0 /* Workouts.xcdatamodeld */ = {
			isa = XCVersionGroup;
			children = (
				EA4189851AB2238D00996CF0 /* Workouts.xcdatamodel */,
			);
			currentVersion = EA4189851AB2238D00996CF0 /* Workouts.xcdatamodel */;
			path = Workouts.xcdatamodeld;
			sourceTree = "<group>";
			versionGroupType = wrapper.xcdatamodel;
		};
/* End XCVersionGroup section */
	};
	rootObject = EA4189751AB2238D00996CF0 /* Project object */;
}
